
Microsoft Visual Studio Solution File, Format Version 12.00
# Visual Studio Version 16
VisualStudioVersion = 16.0.30330.147
MinimumVisualStudioVersion = 10.0.40219.1
Project("{FAE04EC0-301F-11D3-BF4B-00C04F79EFBC}") = "BulkyBook", "BulkyBook\BulkyBook.csproj", "{7E2D9E81-CFA9-4121-A708-7A2CDE25DD9E}"
EndProject
Project("{FAE04EC0-301F-11D3-BF4B-00C04F79EFBC}") = "BulkyBook.DataAccess", "BulkyBook.DataAccess\BulkyBook.DataAccess.csproj", "{A20218A8-0E7F-4BF3-9489-594BA83B6714}"
EndProject
Project("{FAE04EC0-301F-11D3-BF4B-00C04F79EFBC}") = "BulkyBook.Models", "BulkyBook.Models\BulkyBook.Models.csproj", "{1D4CEDA6-9825-4EF3-A107-2020EC6C8BB0}"
EndProject
Project("{FAE04EC0-301F-11D3-BF4B-00C04F79EFBC}") = "BulkyBook.Utility", "BulkyBook.Utility\BulkyBook.Utility.csproj", "{AE8199F1-7114-40D9-8211-46B4B72D8A86}"
EndProject
Global
	GlobalSection(SolutionConfigurationPlatforms) = preSolution
		Debug|Any CPU = Debug|Any CPU
		Release|Any CPU = Release|Any CPU
	EndGlobalSection
	GlobalSection(ProjectConfigurationPlatforms) = postSolution
		{7E2D9E81-CFA9-4121-A708-7A2CDE25DD9E}.Debug|Any CPU.ActiveCfg = Debug|Any CPU
		{7E2D9E81-CFA9-4121-A708-7A2CDE25DD9E}.Debug|Any CPU.Build.0 = Debug|Any CPU
		{7E2D9E81-CFA9-4121-A708-7A2CDE25DD9E}.Release|Any CPU.ActiveCfg = Release|Any CPU
		{7E2D9E81-CFA9-4121-A708-7A2CDE25DD9E}.Release|Any CPU.Build.0 = Release|Any CPU
		{A20218A8-0E7F-4BF3-9489-594BA83B6714}.Debug|Any CPU.ActiveCfg = Debug|Any CPU
		{A20218A8-0E7F-4BF3-9489-594BA83B6714}.Debug|Any CPU.Build.0 = Debug|Any CPU
		{A20218A8-0E7F-4BF3-9489-594BA83B6714}.Release|Any CPU.ActiveCfg = Release|Any CPU
		{A20218A8-0E7F-4BF3-9489-594BA83B6714}.Release|Any CPU.Build.0 = Release|Any CPU
		{1D4CEDA6-9825-4EF3-A107-2020EC6C8BB0}.Debug|Any CPU.ActiveCfg = Debug|Any CPU
		{1D4CEDA6-9825-4EF3-A107-2020EC6C8BB0}.Debug|Any CPU.Build.0 = Debug|Any CPU
		{1D4CEDA6-9825-4EF3-A107-2020EC6C8BB0}.Release|Any CPU.ActiveCfg = Release|Any CPU
		{1D4CEDA6-9825-4EF3-A107-2020EC6C8BB0}.Release|Any CPU.Build.0 = Release|Any CPU
		{AE8199F1-7114-40D9-8211-46B4B72D8A86}.Debug|Any CPU.ActiveCfg = Debug|Any CPU
		{AE8199F1-7114-40D9-8211-46B4B72D8A86}.Debug|Any CPU.Build.0 = Debug|Any CPU
		{AE8199F1-7114-40D9-8211-46B4B72D8A86}.Release|Any CPU.ActiveCfg = Release|Any CPU
		{AE8199F1-7114-40D9-8211-46B4B72D8A86}.Release|Any CPU.Build.0 = Release|Any CPU
	EndGlobalSection
	GlobalSection(SolutionProperties) = preSolution
		HideSolutionNode = FALSE
	EndGlobalSection
	GlobalSection(ExtensibilityGlobals) = postSolution
		SolutionGuid = {56A8E982-EAAD-41A3-A18C-C55913D43C5B}
	EndGlobalSection
EndGlobal
